
Microsoft Visual Studio Solution File, Format Version 12.00
# Visual Studio Version 16
VisualStudioVersion = 16.0.29519.181
MinimumVisualStudioVersion = 10.0.40219.1
Project("{FAE04EC0-301F-11D3-BF4B-00C04F79EFBC}") = "ISMDotNet4", "ISMDotNet4\ISMDotNet4.csproj", "{782D076A-11FD-41A7-999C-BB0F6B3AA788}"
EndProject
Project("{FAE04EC0-301F-11D3-BF4B-00C04F79EFBC}") = "MyClassLibrary", "MyClassLibrary\MyClassLibrary.csproj", "{753E9DAA-A61A-4E60-9904-04B8CD3F53C0}"
EndProject
Global
	GlobalSection(SolutionConfigurationPlatforms) = preSolution
		Debug|Any CPU = Debug|Any CPU
		Release|Any CPU = Release|Any CPU
	EndGlobalSection
	GlobalSection(ProjectConfigurationPlatforms) = postSolution
		{782D076A-11FD-41A7-999C-BB0F6B3AA788}.Debug|Any CPU.ActiveCfg = Debug|Any CPU
		{782D076A-11FD-41A7-999C-BB0F6B3AA788}.Debug|Any CPU.Build.0 = Debug|Any CPU
		{782D076A-11FD-41A7-999C-BB0F6B3AA788}.Release|Any CPU.ActiveCfg = Release|Any CPU
		{782D076A-11FD-41A7-999C-BB0F6B3AA788}.Release|Any CPU.Build.0 = Release|Any CPU
		{753E9DAA-A61A-4E60-9904-04B8CD3F53C0}.Debug|Any CPU.ActiveCfg = Debug|Any CPU
		{753E9DAA-A61A-4E60-9904-04B8CD3F53C0}.Debug|Any CPU.Build.0 = Debug|Any CPU
		{753E9DAA-A61A-4E60-9904-04B8CD3F53C0}.Release|Any CPU.ActiveCfg = Release|Any CPU
		{753E9DAA-A61A-4E60-9904-04B8CD3F53C0}.Release|Any CPU.Build.0 = Release|Any CPU
	EndGlobalSection
	GlobalSection(SolutionProperties) = preSolution
		HideSolutionNode = FALSE
	EndGlobalSection
	GlobalSection(ExtensibilityGlobals) = postSolution
		SolutionGuid = {468B43DC-EFD4-46B7-9720-270F26BA753F}
	EndGlobalSection
EndGlobal
